// !$*UTF8*$!
{
	archiveVersion = 1;
	classes = {
	};
	objectVersion = 55;
	objects = {

/* Begin PBXBuildFile section */
		550CF647276BA26400580727 /* ItemListProtocols.swift in Sources */ = {isa = PBXBuildFile; fileRef = 550CF646276BA26400580727 /* ItemListProtocols.swift */; };
		550CF648276BA39D00580727 /* ItemDetailProtocols.swift in Sources */ = {isa = PBXBuildFile; fileRef = 550CF642276BA0D700580727 /* ItemDetailProtocols.swift */; };
		552E7E05276B69540067121C /* AppDelegate.swift in Sources */ = {isa = PBXBuildFile; fileRef = 552E7E04276B69540067121C /* AppDelegate.swift */; };
		552E7E07276B69540067121C /* SceneDelegate.swift in Sources */ = {isa = PBXBuildFile; fileRef = 552E7E06276B69540067121C /* SceneDelegate.swift */; };
		552E7E0C276B69540067121C /* Main.storyboard in Resources */ = {isa = PBXBuildFile; fileRef = 552E7E0A276B69540067121C /* Main.storyboard */; };
		552E7E0E276B69580067121C /* Assets.xcassets in Resources */ = {isa = PBXBuildFile; fileRef = 552E7E0D276B69580067121C /* Assets.xcassets */; };
		552E7E11276B69580067121C /* LaunchScreen.storyboard in Resources */ = {isa = PBXBuildFile; fileRef = 552E7E0F276B69580067121C /* LaunchScreen.storyboard */; };
		552E7E1C276B69590067121C /* iTunesSearchTests.swift in Sources */ = {isa = PBXBuildFile; fileRef = 552E7E1B276B69590067121C /* iTunesSearchTests.swift */; };
		552E7E26276B69590067121C /* iTunesSearchUITests.swift in Sources */ = {isa = PBXBuildFile; fileRef = 552E7E25276B69590067121C /* iTunesSearchUITests.swift */; };
		552E7E28276B69590067121C /* iTunesSearchUITestsLaunchTests.swift in Sources */ = {isa = PBXBuildFile; fileRef = 552E7E27276B69590067121C /* iTunesSearchUITestsLaunchTests.swift */; };
		552E7E3F276B70D80067121C /* NetworkConstants.swift in Sources */ = {isa = PBXBuildFile; fileRef = 552E7E3E276B70D80067121C /* NetworkConstants.swift */; };
		552E7E41276B710B0067121C /* GlobalConstants.swift in Sources */ = {isa = PBXBuildFile; fileRef = 552E7E40276B710B0067121C /* GlobalConstants.swift */; };
		552E7E43276B71510067121C /* URLComponentsExtension.swift in Sources */ = {isa = PBXBuildFile; fileRef = 552E7E42276B71510067121C /* URLComponentsExtension.swift */; };
		552E7E45276B71630067121C /* URLRequestExtension.swift in Sources */ = {isa = PBXBuildFile; fileRef = 552E7E44276B71630067121C /* URLRequestExtension.swift */; };
		552E7E47276B71770067121C /* ImageViewExtensions.swift in Sources */ = {isa = PBXBuildFile; fileRef = 552E7E46276B71770067121C /* ImageViewExtensions.swift */; };
		552E7E49276B718A0067121C /* CollectionViewCellExtensions.swift in Sources */ = {isa = PBXBuildFile; fileRef = 552E7E48276B718A0067121C /* CollectionViewCellExtensions.swift */; };
		552E7E4B276B71960067121C /* UIViewExtensions.swift in Sources */ = {isa = PBXBuildFile; fileRef = 552E7E4A276B71960067121C /* UIViewExtensions.swift */; };
		552E7E4D276B71A50067121C /* NameDescribable.swift in Sources */ = {isa = PBXBuildFile; fileRef = 552E7E4C276B71A50067121C /* NameDescribable.swift */; };
		552E7E4F276B71BF0067121C /* UICollectionViewExtensions.swift in Sources */ = {isa = PBXBuildFile; fileRef = 552E7E4E276B71BF0067121C /* UICollectionViewExtensions.swift */; };
		552E7E51276B72230067121C /* BaseViewController.swift in Sources */ = {isa = PBXBuildFile; fileRef = 552E7E50276B72230067121C /* BaseViewController.swift */; };
		552E7E53276B72300067121C /* BaseContracts.swift in Sources */ = {isa = PBXBuildFile; fileRef = 552E7E52276B72300067121C /* BaseContracts.swift */; };
		552E7E5A276B731A0067121C /* ItemService.swift in Sources */ = {isa = PBXBuildFile; fileRef = 552E7E59276B731A0067121C /* ItemService.swift */; };
		552E7E5C276B7F280067121C /* ItemListService.swift in Sources */ = {isa = PBXBuildFile; fileRef = 552E7E5B276B7F280067121C /* ItemListService.swift */; };
		552E7E60276B7F920067121C /* ItemListModel.swift in Sources */ = {isa = PBXBuildFile; fileRef = 552E7E5F276B7F920067121C /* ItemListModel.swift */; };
		552E7E64276B7FAF0067121C /* ItemListBaseModel.swift in Sources */ = {isa = PBXBuildFile; fileRef = 552E7E63276B7FAF0067121C /* ItemListBaseModel.swift */; };
		552E7E66276B80370067121C /* ProviderProtocol.swift in Sources */ = {isa = PBXBuildFile; fileRef = 552E7E65276B80370067121C /* ProviderProtocol.swift */; };
		552E7E68276B80400067121C /* ServiceProtocol.swift in Sources */ = {isa = PBXBuildFile; fileRef = 552E7E67276B80400067121C /* ServiceProtocol.swift */; };
		552E7E6A276B804D0067121C /* URLSessionProtocol.swift in Sources */ = {isa = PBXBuildFile; fileRef = 552E7E69276B804D0067121C /* URLSessionProtocol.swift */; };
		552E7E6C276B80880067121C /* HTTPMethod.swift in Sources */ = {isa = PBXBuildFile; fileRef = 552E7E6B276B80880067121C /* HTTPMethod.swift */; };
		552E7E6E276B80940067121C /* NetworkError.swift in Sources */ = {isa = PBXBuildFile; fileRef = 552E7E6D276B80940067121C /* NetworkError.swift */; };
		552E7E70276B809F0067121C /* NetworkResponse.swift in Sources */ = {isa = PBXBuildFile; fileRef = 552E7E6F276B809F0067121C /* NetworkResponse.swift */; };
		552E7E72276B80AA0067121C /* ParametersEncoding.swift in Sources */ = {isa = PBXBuildFile; fileRef = 552E7E71276B80AA0067121C /* ParametersEncoding.swift */; };
		552E7E74276B80BA0067121C /* Task.swift in Sources */ = {isa = PBXBuildFile; fileRef = 552E7E73276B80BA0067121C /* Task.swift */; };
		552E7E76276B80FB0067121C /* URLSessionProvider.swift in Sources */ = {isa = PBXBuildFile; fileRef = 552E7E75276B80FB0067121C /* URLSessionProvider.swift */; };
		552E7E7F276B81A40067121C /* ItemListContracts.swift in Sources */ = {isa = PBXBuildFile; fileRef = 552E7E7E276B81A40067121C /* ItemListContracts.swift */; };
		552E7E85276B88A90067121C /* ItemListViewModel.swift in Sources */ = {isa = PBXBuildFile; fileRef = 552E7E84276B88A90067121C /* ItemListViewModel.swift */; };
		552E7E87276B88C90067121C /* ItemListViewController.swift in Sources */ = {isa = PBXBuildFile; fileRef = 552E7E86276B88C90067121C /* ItemListViewController.swift */; };
		552E7E8C276B8C170067121C /* ItemListCollectionViewCell.swift in Sources */ = {isa = PBXBuildFile; fileRef = 552E7E8A276B8C170067121C /* ItemListCollectionViewCell.swift */; };
		552E7E8D276B8C170067121C /* ItemListCollectionViewCell.xib in Resources */ = {isa = PBXBuildFile; fileRef = 552E7E8B276B8C170067121C /* ItemListCollectionViewCell.xib */; };
		552E7E91276B8E610067121C /* ItemDetailviewController.swift in Sources */ = {isa = PBXBuildFile; fileRef = 552E7E90276B8E610067121C /* ItemDetailviewController.swift */; };
		552E7E93276B8E720067121C /* ItemDetailViewModel.swift in Sources */ = {isa = PBXBuildFile; fileRef = 552E7E92276B8E720067121C /* ItemDetailViewModel.swift */; };
		55D5A1B4276C830100B48C4A /* LoadMoreCollectionReusableView.swift in Sources */ = {isa = PBXBuildFile; fileRef = 55D5A1B2276C830100B48C4A /* LoadMoreCollectionReusableView.swift */; };
		55D5A1B5276C830100B48C4A /* LoadMoreCollectionReusableView.xib in Resources */ = {isa = PBXBuildFile; fileRef = 55D5A1B3276C830100B48C4A /* LoadMoreCollectionReusableView.xib */; };
		55D5A1B727728C7C00B48C4A /* StringExtensions.swift in Sources */ = {isa = PBXBuildFile; fileRef = 55D5A1B627728C7C00B48C4A /* StringExtensions.swift */; };
		55D5A1B927728C8A00B48C4A /* DataExtensions.swift in Sources */ = {isa = PBXBuildFile; fileRef = 55D5A1B827728C8A00B48C4A /* DataExtensions.swift */; };
		55D5A1BB2772936900B48C4A /* FloatExtensions.swift in Sources */ = {isa = PBXBuildFile; fileRef = 55D5A1BA2772936900B48C4A /* FloatExtensions.swift */; };
/* End PBXBuildFile section */

/* Begin PBXContainerItemProxy section */
		552E7E18276B69590067121C /* PBXContainerItemProxy */ = {
			isa = PBXContainerItemProxy;
			containerPortal = 552E7DF9276B69540067121C /* Project object */;
			proxyType = 1;
			remoteGlobalIDString = 552E7E00276B69540067121C;
			remoteInfo = iTunesSearch;
		};
		552E7E22276B69590067121C /* PBXContainerItemProxy */ = {
			isa = PBXContainerItemProxy;
			containerPortal = 552E7DF9276B69540067121C /* Project object */;
			proxyType = 1;
			remoteGlobalIDString = 552E7E00276B69540067121C;
			remoteInfo = iTunesSearch;
		};
/* End PBXContainerItemProxy section */

/* Begin PBXFileReference section */
		550CF642276BA0D700580727 /* ItemDetailProtocols.swift */ = {isa = PBXFileReference; lastKnownFileType = sourcecode.swift; path = ItemDetailProtocols.swift; sourceTree = "<group>"; };
		550CF646276BA26400580727 /* ItemListProtocols.swift */ = {isa = PBXFileReference; lastKnownFileType = sourcecode.swift; path = ItemListProtocols.swift; sourceTree = "<group>"; };
		552E7E01276B69540067121C /* iTunesSearch.app */ = {isa = PBXFileReference; explicitFileType = wrapper.application; includeInIndex = 0; path = iTunesSearch.app; sourceTree = BUILT_PRODUCTS_DIR; };
		552E7E04276B69540067121C /* AppDelegate.swift */ = {isa = PBXFileReference; lastKnownFileType = sourcecode.swift; path = AppDelegate.swift; sourceTree = "<group>"; };
		552E7E06276B69540067121C /* SceneDelegate.swift */ = {isa = PBXFileReference; lastKnownFileType = sourcecode.swift; path = SceneDelegate.swift; sourceTree = "<group>"; };
		552E7E0B276B69540067121C /* Base */ = {isa = PBXFileReference; lastKnownFileType = file.storyboard; name = Base; path = Base.lproj/Main.storyboard; sourceTree = "<group>"; };
		552E7E0D276B69580067121C /* Assets.xcassets */ = {isa = PBXFileReference; lastKnownFileType = folder.assetcatalog; path = Assets.xcassets; sourceTree = "<group>"; };
		552E7E10276B69580067121C /* Base */ = {isa = PBXFileReference; lastKnownFileType = file.storyboard; name = Base; path = Base.lproj/LaunchScreen.storyboard; sourceTree = "<group>"; };
		552E7E12276B69580067121C /* Info.plist */ = {isa = PBXFileReference; lastKnownFileType = text.plist.xml; path = Info.plist; sourceTree = "<group>"; };
		552E7E17276B69590067121C /* iTunesSearchTests.xctest */ = {isa = PBXFileReference; explicitFileType = wrapper.cfbundle; includeInIndex = 0; path = iTunesSearchTests.xctest; sourceTree = BUILT_PRODUCTS_DIR; };
		552E7E1B276B69590067121C /* iTunesSearchTests.swift */ = {isa = PBXFileReference; lastKnownFileType = sourcecode.swift; path = iTunesSearchTests.swift; sourceTree = "<group>"; };
		552E7E21276B69590067121C /* iTunesSearchUITests.xctest */ = {isa = PBXFileReference; explicitFileType = wrapper.cfbundle; includeInIndex = 0; path = iTunesSearchUITests.xctest; sourceTree = BUILT_PRODUCTS_DIR; };
		552E7E25276B69590067121C /* iTunesSearchUITests.swift */ = {isa = PBXFileReference; lastKnownFileType = sourcecode.swift; path = iTunesSearchUITests.swift; sourceTree = "<group>"; };
		552E7E27276B69590067121C /* iTunesSearchUITestsLaunchTests.swift */ = {isa = PBXFileReference; lastKnownFileType = sourcecode.swift; path = iTunesSearchUITestsLaunchTests.swift; sourceTree = "<group>"; };
		552E7E3E276B70D80067121C /* NetworkConstants.swift */ = {isa = PBXFileReference; lastKnownFileType = sourcecode.swift; path = NetworkConstants.swift; sourceTree = "<group>"; };
		552E7E40276B710B0067121C /* GlobalConstants.swift */ = {isa = PBXFileReference; lastKnownFileType = sourcecode.swift; path = GlobalConstants.swift; sourceTree = "<group>"; };
		552E7E42276B71510067121C /* URLComponentsExtension.swift */ = {isa = PBXFileReference; lastKnownFileType = sourcecode.swift; path = URLComponentsExtension.swift; sourceTree = "<group>"; };
		552E7E44276B71630067121C /* URLRequestExtension.swift */ = {isa = PBXFileReference; lastKnownFileType = sourcecode.swift; path = URLRequestExtension.swift; sourceTree = "<group>"; };
		552E7E46276B71770067121C /* ImageViewExtensions.swift */ = {isa = PBXFileReference; lastKnownFileType = sourcecode.swift; path = ImageViewExtensions.swift; sourceTree = "<group>"; };
		552E7E48276B718A0067121C /* CollectionViewCellExtensions.swift */ = {isa = PBXFileReference; lastKnownFileType = sourcecode.swift; path = CollectionViewCellExtensions.swift; sourceTree = "<group>"; };
		552E7E4A276B71960067121C /* UIViewExtensions.swift */ = {isa = PBXFileReference; lastKnownFileType = sourcecode.swift; path = UIViewExtensions.swift; sourceTree = "<group>"; };
		552E7E4C276B71A50067121C /* NameDescribable.swift */ = {isa = PBXFileReference; lastKnownFileType = sourcecode.swift; path = NameDescribable.swift; sourceTree = "<group>"; };
		552E7E4E276B71BF0067121C /* UICollectionViewExtensions.swift */ = {isa = PBXFileReference; lastKnownFileType = sourcecode.swift; path = UICollectionViewExtensions.swift; sourceTree = "<group>"; };
		552E7E50276B72230067121C /* BaseViewController.swift */ = {isa = PBXFileReference; lastKnownFileType = sourcecode.swift; path = BaseViewController.swift; sourceTree = "<group>"; };
		552E7E52276B72300067121C /* BaseContracts.swift */ = {isa = PBXFileReference; lastKnownFileType = sourcecode.swift; path = BaseContracts.swift; sourceTree = "<group>"; };
		552E7E59276B731A0067121C /* ItemService.swift */ = {isa = PBXFileReference; lastKnownFileType = sourcecode.swift; path = ItemService.swift; sourceTree = "<group>"; };
		552E7E5B276B7F280067121C /* ItemListService.swift */ = {isa = PBXFileReference; lastKnownFileType = sourcecode.swift; path = ItemListService.swift; sourceTree = "<group>"; };
		552E7E5F276B7F920067121C /* ItemListModel.swift */ = {isa = PBXFileReference; lastKnownFileType = sourcecode.swift; path = ItemListModel.swift; sourceTree = "<group>"; };
		552E7E63276B7FAF0067121C /* ItemListBaseModel.swift */ = {isa = PBXFileReference; lastKnownFileType = sourcecode.swift; path = ItemListBaseModel.swift; sourceTree = "<group>"; };
		552E7E65276B80370067121C /* ProviderProtocol.swift */ = {isa = PBXFileReference; lastKnownFileType = sourcecode.swift; path = ProviderProtocol.swift; sourceTree = "<group>"; };
		552E7E67276B80400067121C /* ServiceProtocol.swift */ = {isa = PBXFileReference; lastKnownFileType = sourcecode.swift; path = ServiceProtocol.swift; sourceTree = "<group>"; };
		552E7E69276B804D0067121C /* URLSessionProtocol.swift */ = {isa = PBXFileReference; lastKnownFileType = sourcecode.swift; path = URLSessionProtocol.swift; sourceTree = "<group>"; };
		552E7E6B276B80880067121C /* HTTPMethod.swift */ = {isa = PBXFileReference; lastKnownFileType = sourcecode.swift; path = HTTPMethod.swift; sourceTree = "<group>"; };
		552E7E6D276B80940067121C /* NetworkError.swift */ = {isa = PBXFileReference; lastKnownFileType = sourcecode.swift; path = NetworkError.swift; sourceTree = "<group>"; };
		552E7E6F276B809F0067121C /* NetworkResponse.swift */ = {isa = PBXFileReference; lastKnownFileType = sourcecode.swift; path = NetworkResponse.swift; sourceTree = "<group>"; };
		552E7E71276B80AA0067121C /* ParametersEncoding.swift */ = {isa = PBXFileReference; lastKnownFileType = sourcecode.swift; path = ParametersEncoding.swift; sourceTree = "<group>"; };
		552E7E73276B80BA0067121C /* Task.swift */ = {isa = PBXFileReference; lastKnownFileType = sourcecode.swift; path = Task.swift; sourceTree = "<group>"; };
		552E7E75276B80FB0067121C /* URLSessionProvider.swift */ = {isa = PBXFileReference; lastKnownFileType = sourcecode.swift; path = URLSessionProvider.swift; sourceTree = "<group>"; };
		552E7E7E276B81A40067121C /* ItemListContracts.swift */ = {isa = PBXFileReference; lastKnownFileType = sourcecode.swift; path = ItemListContracts.swift; sourceTree = "<group>"; };
		552E7E84276B88A90067121C /* ItemListViewModel.swift */ = {isa = PBXFileReference; lastKnownFileType = sourcecode.swift; path = ItemListViewModel.swift; sourceTree = "<group>"; };
		552E7E86276B88C90067121C /* ItemListViewController.swift */ = {isa = PBXFileReference; lastKnownFileType = sourcecode.swift; path = ItemListViewController.swift; sourceTree = "<group>"; };
		552E7E8A276B8C170067121C /* ItemListCollectionViewCell.swift */ = {isa = PBXFileReference; lastKnownFileType = sourcecode.swift; path = ItemListCollectionViewCell.swift; sourceTree = "<group>"; };
		552E7E8B276B8C170067121C /* ItemListCollectionViewCell.xib */ = {isa = PBXFileReference; lastKnownFileType = file.xib; path = ItemListCollectionViewCell.xib; sourceTree = "<group>"; };
		552E7E90276B8E610067121C /* ItemDetailviewController.swift */ = {isa = PBXFileReference; lastKnownFileType = sourcecode.swift; path = ItemDetailviewController.swift; sourceTree = "<group>"; };
		552E7E92276B8E720067121C /* ItemDetailViewModel.swift */ = {isa = PBXFileReference; lastKnownFileType = sourcecode.swift; path = ItemDetailViewModel.swift; sourceTree = "<group>"; };
		55D5A1B2276C830100B48C4A /* LoadMoreCollectionReusableView.swift */ = {isa = PBXFileReference; lastKnownFileType = sourcecode.swift; path = LoadMoreCollectionReusableView.swift; sourceTree = "<group>"; };
		55D5A1B3276C830100B48C4A /* LoadMoreCollectionReusableView.xib */ = {isa = PBXFileReference; lastKnownFileType = file.xib; path = LoadMoreCollectionReusableView.xib; sourceTree = "<group>"; };
		55D5A1B627728C7C00B48C4A /* StringExtensions.swift */ = {isa = PBXFileReference; lastKnownFileType = sourcecode.swift; path = StringExtensions.swift; sourceTree = "<group>"; };
		55D5A1B827728C8A00B48C4A /* DataExtensions.swift */ = {isa = PBXFileReference; lastKnownFileType = sourcecode.swift; path = DataExtensions.swift; sourceTree = "<group>"; };
		55D5A1BA2772936900B48C4A /* FloatExtensions.swift */ = {isa = PBXFileReference; lastKnownFileType = sourcecode.swift; path = FloatExtensions.swift; sourceTree = "<group>"; };
/* End PBXFileReference section */

/* Begin PBXFrameworksBuildPhase section */
		552E7DFE276B69540067121C /* Frameworks */ = {
			isa = PBXFrameworksBuildPhase;
			buildActionMask = 2147483647;
			files = (
			);
			runOnlyForDeploymentPostprocessing = 0;
		};
		552E7E14276B69590067121C /* Frameworks */ = {
			isa = PBXFrameworksBuildPhase;
			buildActionMask = 2147483647;
			files = (
			);
			runOnlyForDeploymentPostprocessing = 0;
		};
		552E7E1E276B69590067121C /* Frameworks */ = {
			isa = PBXFrameworksBuildPhase;
			buildActionMask = 2147483647;
			files = (
			);
			runOnlyForDeploymentPostprocessing = 0;
		};
/* End PBXFrameworksBuildPhase section */

/* Begin PBXGroup section */
		552E7DF8276B69540067121C = {
			isa = PBXGroup;
			children = (
				552E7E03276B69540067121C /* iTunesSearch */,
				552E7E1A276B69590067121C /* iTunesSearchTests */,
				552E7E24276B69590067121C /* iTunesSearchUITests */,
				552E7E02276B69540067121C /* Products */,
			);
			sourceTree = "<group>";
		};
		552E7E02276B69540067121C /* Products */ = {
			isa = PBXGroup;
			children = (
				552E7E01276B69540067121C /* iTunesSearch.app */,
				552E7E17276B69590067121C /* iTunesSearchTests.xctest */,
				552E7E21276B69590067121C /* iTunesSearchUITests.xctest */,
			);
			name = Products;
			sourceTree = "<group>";
		};
		552E7E03276B69540067121C /* iTunesSearch */ = {
			isa = PBXGroup;
			children = (
				552E7E3B276B6A480067121C /* Network Layer */,
				552E7E3A276B6A3D0067121C /* Base */,
				552E7E39276B6A2E0067121C /* Extensions */,
				552E7E38276B6A230067121C /* Shared */,
				552E7E37276B6A160067121C /* Supporting Files */,
				552E7E36276B6A0A0067121C /* StoryBoards */,
				552E7E35276B69FF0067121C /* Features */,
				552E7E34276B69EE0067121C /* Application */,
				552E7E12276B69580067121C /* Info.plist */,
			);
			path = iTunesSearch;
			sourceTree = "<group>";
		};
		552E7E1A276B69590067121C /* iTunesSearchTests */ = {
			isa = PBXGroup;
			children = (
				552E7E1B276B69590067121C /* iTunesSearchTests.swift */,
			);
			path = iTunesSearchTests;
			sourceTree = "<group>";
		};
		552E7E24276B69590067121C /* iTunesSearchUITests */ = {
			isa = PBXGroup;
			children = (
				552E7E25276B69590067121C /* iTunesSearchUITests.swift */,
				552E7E27276B69590067121C /* iTunesSearchUITestsLaunchTests.swift */,
			);
			path = iTunesSearchUITests;
			sourceTree = "<group>";
		};
		552E7E34276B69EE0067121C /* Application */ = {
			isa = PBXGroup;
			children = (
				552E7E06276B69540067121C /* SceneDelegate.swift */,
				552E7E04276B69540067121C /* AppDelegate.swift */,
			);
			path = Application;
			sourceTree = "<group>";
		};
		552E7E35276B69FF0067121C /* Features */ = {
			isa = PBXGroup;
			children = (
				552E7E3D276B6A800067121C /* ItemDetail */,
				552E7E3C276B6A710067121C /* ItemList */,
			);
			path = Features;
			sourceTree = "<group>";
		};
		552E7E36276B6A0A0067121C /* StoryBoards */ = {
			isa = PBXGroup;
			children = (
				552E7E0F276B69580067121C /* LaunchScreen.storyboard */,
				552E7E0A276B69540067121C /* Main.storyboard */,
			);
			path = StoryBoards;
			sourceTree = "<group>";
		};
		552E7E37276B6A160067121C /* Supporting Files */ = {
			isa = PBXGroup;
			children = (
				552E7E0D276B69580067121C /* Assets.xcassets */,
			);
			path = "Supporting Files";
			sourceTree = "<group>";
		};
		552E7E38276B6A230067121C /* Shared */ = {
			isa = PBXGroup;
			children = (
				552E7E3E276B70D80067121C /* NetworkConstants.swift */,
				552E7E40276B710B0067121C /* GlobalConstants.swift */,
			);
			path = Shared;
			sourceTree = "<group>";
		};
		552E7E39276B6A2E0067121C /* Extensions */ = {
			isa = PBXGroup;
			children = (
				552E7E42276B71510067121C /* URLComponentsExtension.swift */,
				552E7E44276B71630067121C /* URLRequestExtension.swift */,
				552E7E46276B71770067121C /* ImageViewExtensions.swift */,
				552E7E48276B718A0067121C /* CollectionViewCellExtensions.swift */,
				552E7E4A276B71960067121C /* UIViewExtensions.swift */,
				552E7E4C276B71A50067121C /* NameDescribable.swift */,
				552E7E4E276B71BF0067121C /* UICollectionViewExtensions.swift */,
				55D5A1B627728C7C00B48C4A /* StringExtensions.swift */,
				55D5A1B827728C8A00B48C4A /* DataExtensions.swift */,
				55D5A1BA2772936900B48C4A /* FloatExtensions.swift */,
			);
			path = Extensions;
			sourceTree = "<group>";
		};
		552E7E3A276B6A3D0067121C /* Base */ = {
			isa = PBXGroup;
			children = (
				552E7E50276B72230067121C /* BaseViewController.swift */,
				552E7E52276B72300067121C /* BaseContracts.swift */,
			);
			path = Base;
			sourceTree = "<group>";
		};
		552E7E3B276B6A480067121C /* Network Layer */ = {
			isa = PBXGroup;
			children = (
				552E7E7A276B816D0067121C /* ItemService */,
				552E7E79276B81600067121C /* ItemListService */,
				552E7E55276B72BC0067121C /* Models */,
				552E7E56276B72C70067121C /* Protocols */,
				552E7E57276B72D90067121C /* Enums */,
				552E7E58276B72EA0067121C /* Provider */,
			);
			path = "Network Layer";
			sourceTree = "<group>";
		};
		552E7E3C276B6A710067121C /* ItemList */ = {
			isa = PBXGroup;
			children = (
				552E7E83276B88890067121C /* CollectionCell */,
				552E7E82276B88750067121C /* CollectionFooterView */,
				552E7E84276B88A90067121C /* ItemListViewModel.swift */,
				552E7E86276B88C90067121C /* ItemListViewController.swift */,
				550CF646276BA26400580727 /* ItemListProtocols.swift */,
			);
			path = ItemList;
			sourceTree = "<group>";
		};
		552E7E3D276B6A800067121C /* ItemDetail */ = {
			isa = PBXGroup;
			children = (
				552E7E90276B8E610067121C /* ItemDetailviewController.swift */,
				552E7E92276B8E720067121C /* ItemDetailViewModel.swift */,
				550CF642276BA0D700580727 /* ItemDetailProtocols.swift */,
			);
			path = ItemDetail;
			sourceTree = "<group>";
		};
		552E7E55276B72BC0067121C /* Models */ = {
			isa = PBXGroup;
			children = (
				552E7E5F276B7F920067121C /* ItemListModel.swift */,
				552E7E63276B7FAF0067121C /* ItemListBaseModel.swift */,
			);
			path = Models;
			sourceTree = "<group>";
		};
		552E7E56276B72C70067121C /* Protocols */ = {
			isa = PBXGroup;
			children = (
				552E7E65276B80370067121C /* ProviderProtocol.swift */,
				552E7E67276B80400067121C /* ServiceProtocol.swift */,
				552E7E69276B804D0067121C /* URLSessionProtocol.swift */,
			);
			path = Protocols;
			sourceTree = "<group>";
		};
		552E7E57276B72D90067121C /* Enums */ = {
			isa = PBXGroup;
			children = (
				552E7E6B276B80880067121C /* HTTPMethod.swift */,
				552E7E6D276B80940067121C /* NetworkError.swift */,
				552E7E6F276B809F0067121C /* NetworkResponse.swift */,
				552E7E71276B80AA0067121C /* ParametersEncoding.swift */,
				552E7E73276B80BA0067121C /* Task.swift */,
			);
			path = Enums;
			sourceTree = "<group>";
		};
		552E7E58276B72EA0067121C /* Provider */ = {
			isa = PBXGroup;
			children = (
				552E7E75276B80FB0067121C /* URLSessionProvider.swift */,
			);
			path = Provider;
			sourceTree = "<group>";
		};
		552E7E79276B81600067121C /* ItemListService */ = {
			isa = PBXGroup;
			children = (
				552E7E5B276B7F280067121C /* ItemListService.swift */,
				552E7E7E276B81A40067121C /* ItemListContracts.swift */,
			);
			path = ItemListService;
			sourceTree = "<group>";
		};
		552E7E7A276B816D0067121C /* ItemService */ = {
			isa = PBXGroup;
			children = (
				552E7E59276B731A0067121C /* ItemService.swift */,
			);
			path = ItemService;
			sourceTree = "<group>";
		};
		552E7E82276B88750067121C /* CollectionFooterView */ = {
			isa = PBXGroup;
			children = (
				55D5A1B2276C830100B48C4A /* LoadMoreCollectionReusableView.swift */,
				55D5A1B3276C830100B48C4A /* LoadMoreCollectionReusableView.xib */,
			);
			path = CollectionFooterView;
			sourceTree = "<group>";
		};
		552E7E83276B88890067121C /* CollectionCell */ = {
			isa = PBXGroup;
			children = (
				552E7E8A276B8C170067121C /* ItemListCollectionViewCell.swift */,
				552E7E8B276B8C170067121C /* ItemListCollectionViewCell.xib */,
			);
			path = CollectionCell;
			sourceTree = "<group>";
		};
/* End PBXGroup section */

/* Begin PBXNativeTarget section */
		552E7E00276B69540067121C /* iTunesSearch */ = {
			isa = PBXNativeTarget;
			buildConfigurationList = 552E7E2B276B69590067121C /* Build configuration list for PBXNativeTarget "iTunesSearch" */;
			buildPhases = (
				552E7DFD276B69540067121C /* Sources */,
				552E7DFE276B69540067121C /* Frameworks */,
				552E7DFF276B69540067121C /* Resources */,
			);
			buildRules = (
			);
			dependencies = (
			);
			name = iTunesSearch;
			productName = iTunesSearch;
			productReference = 552E7E01276B69540067121C /* iTunesSearch.app */;
			productType = "com.apple.product-type.application";
		};
		552E7E16276B69590067121C /* iTunesSearchTests */ = {
			isa = PBXNativeTarget;
			buildConfigurationList = 552E7E2E276B69590067121C /* Build configuration list for PBXNativeTarget "iTunesSearchTests" */;
			buildPhases = (
				552E7E13276B69590067121C /* Sources */,
				552E7E14276B69590067121C /* Frameworks */,
				552E7E15276B69590067121C /* Resources */,
			);
			buildRules = (
			);
			dependencies = (
				552E7E19276B69590067121C /* PBXTargetDependency */,
			);
			name = iTunesSearchTests;
			productName = iTunesSearchTests;
			productReference = 552E7E17276B69590067121C /* iTunesSearchTests.xctest */;
			productType = "com.apple.product-type.bundle.unit-test";
		};
		552E7E20276B69590067121C /* iTunesSearchUITests */ = {
			isa = PBXNativeTarget;
			buildConfigurationList = 552E7E31276B69590067121C /* Build configuration list for PBXNativeTarget "iTunesSearchUITests" */;
			buildPhases = (
				552E7E1D276B69590067121C /* Sources */,
				552E7E1E276B69590067121C /* Frameworks */,
				552E7E1F276B69590067121C /* Resources */,
			);
			buildRules = (
			);
			dependencies = (
				552E7E23276B69590067121C /* PBXTargetDependency */,
			);
			name = iTunesSearchUITests;
			productName = iTunesSearchUITests;
			productReference = 552E7E21276B69590067121C /* iTunesSearchUITests.xctest */;
			productType = "com.apple.product-type.bundle.ui-testing";
		};
/* End PBXNativeTarget section */

/* Begin PBXProject section */
		552E7DF9276B69540067121C /* Project object */ = {
			isa = PBXProject;
			attributes = {
				BuildIndependentTargetsInParallel = 1;
				LastSwiftUpdateCheck = 1310;
				LastUpgradeCheck = 1310;
				TargetAttributes = {
					552E7E00276B69540067121C = {
						CreatedOnToolsVersion = 13.1;
					};
					552E7E16276B69590067121C = {
						CreatedOnToolsVersion = 13.1;
						TestTargetID = 552E7E00276B69540067121C;
					};
					552E7E20276B69590067121C = {
						CreatedOnToolsVersion = 13.1;
						TestTargetID = 552E7E00276B69540067121C;
					};
				};
			};
			buildConfigurationList = 552E7DFC276B69540067121C /* Build configuration list for PBXProject "iTunesSearch" */;
			compatibilityVersion = "Xcode 13.0";
			developmentRegion = en;
			hasScannedForEncodings = 0;
			knownRegions = (
				en,
				Base,
			);
			mainGroup = 552E7DF8276B69540067121C;
			productRefGroup = 552E7E02276B69540067121C /* Products */;
			projectDirPath = "";
			projectRoot = "";
			targets = (
				552E7E00276B69540067121C /* iTunesSearch */,
				552E7E16276B69590067121C /* iTunesSearchTests */,
				552E7E20276B69590067121C /* iTunesSearchUITests */,
			);
		};
/* End PBXProject section */

/* Begin PBXResourcesBuildPhase section */
		552E7DFF276B69540067121C /* Resources */ = {
			isa = PBXResourcesBuildPhase;
			buildActionMask = 2147483647;
			files = (
				552E7E11276B69580067121C /* LaunchScreen.storyboard in Resources */,
				55D5A1B5276C830100B48C4A /* LoadMoreCollectionReusableView.xib in Resources */,
				552E7E8D276B8C170067121C /* ItemListCollectionViewCell.xib in Resources */,
				552E7E0E276B69580067121C /* Assets.xcassets in Resources */,
				552E7E0C276B69540067121C /* Main.storyboard in Resources */,
			);
			runOnlyForDeploymentPostprocessing = 0;
		};
		552E7E15276B69590067121C /* Resources */ = {
			isa = PBXResourcesBuildPhase;
			buildActionMask = 2147483647;
			files = (
			);
			runOnlyForDeploymentPostprocessing = 0;
		};
		552E7E1F276B69590067121C /* Resources */ = {
			isa = PBXResourcesBuildPhase;
			buildActionMask = 2147483647;
			files = (
			);
			runOnlyForDeploymentPostprocessing = 0;
		};
/* End PBXResourcesBuildPhase section */

/* Begin PBXSourcesBuildPhase section */
		552E7DFD276B69540067121C /* Sources */ = {
			isa = PBXSourcesBuildPhase;
			buildActionMask = 2147483647;
			files = (
				552E7E51276B72230067121C /* BaseViewController.swift in Sources */,
				552E7E3F276B70D80067121C /* NetworkConstants.swift in Sources */,
				552E7E49276B718A0067121C /* CollectionViewCellExtensions.swift in Sources */,
				552E7E47276B71770067121C /* ImageViewExtensions.swift in Sources */,
				552E7E64276B7FAF0067121C /* ItemListBaseModel.swift in Sources */,
				552E7E4F276B71BF0067121C /* UICollectionViewExtensions.swift in Sources */,
				55D5A1B4276C830100B48C4A /* LoadMoreCollectionReusableView.swift in Sources */,
				552E7E72276B80AA0067121C /* ParametersEncoding.swift in Sources */,
				552E7E85276B88A90067121C /* ItemListViewModel.swift in Sources */,
				552E7E41276B710B0067121C /* GlobalConstants.swift in Sources */,
				552E7E05276B69540067121C /* AppDelegate.swift in Sources */,
				552E7E4D276B71A50067121C /* NameDescribable.swift in Sources */,
				552E7E74276B80BA0067121C /* Task.swift in Sources */,
				552E7E60276B7F920067121C /* ItemListModel.swift in Sources */,
				552E7E76276B80FB0067121C /* URLSessionProvider.swift in Sources */,
				552E7E7F276B81A40067121C /* ItemListContracts.swift in Sources */,
				552E7E5A276B731A0067121C /* ItemService.swift in Sources */,
				552E7E4B276B71960067121C /* UIViewExtensions.swift in Sources */,
				552E7E93276B8E720067121C /* ItemDetailViewModel.swift in Sources */,
				552E7E53276B72300067121C /* BaseContracts.swift in Sources */,
				552E7E5C276B7F280067121C /* ItemListService.swift in Sources */,
				55D5A1B727728C7C00B48C4A /* StringExtensions.swift in Sources */,
				552E7E91276B8E610067121C /* ItemDetailviewController.swift in Sources */,
				552E7E45276B71630067121C /* URLRequestExtension.swift in Sources */,
				552E7E6A276B804D0067121C /* URLSessionProtocol.swift in Sources */,
				552E7E6E276B80940067121C /* NetworkError.swift in Sources */,
				550CF648276BA39D00580727 /* ItemDetailProtocols.swift in Sources */,
				552E7E87276B88C90067121C /* ItemListViewController.swift in Sources */,
				552E7E07276B69540067121C /* SceneDelegate.swift in Sources */,
				552E7E6C276B80880067121C /* HTTPMethod.swift in Sources */,
				55D5A1B927728C8A00B48C4A /* DataExtensions.swift in Sources */,
				552E7E43276B71510067121C /* URLComponentsExtension.swift in Sources */,
				552E7E66276B80370067121C /* ProviderProtocol.swift in Sources */,
				552E7E68276B80400067121C /* ServiceProtocol.swift in Sources */,
				550CF647276BA26400580727 /* ItemListProtocols.swift in Sources */,
				552E7E70276B809F0067121C /* NetworkResponse.swift in Sources */,
				55D5A1BB2772936900B48C4A /* FloatExtensions.swift in Sources */,
				552E7E8C276B8C170067121C /* ItemListCollectionViewCell.swift in Sources */,
			);
			runOnlyForDeploymentPostprocessing = 0;
		};
		552E7E13276B69590067121C /* Sources */ = {
			isa = PBXSourcesBuildPhase;
			buildActionMask = 2147483647;
			files = (
				552E7E1C276B69590067121C /* iTunesSearchTests.swift in Sources */,
			);
			runOnlyForDeploymentPostprocessing = 0;
		};
		552E7E1D276B69590067121C /* Sources */ = {
			isa = PBXSourcesBuildPhase;
			buildActionMask = 2147483647;
			files = (
				552E7E28276B69590067121C /* iTunesSearchUITestsLaunchTests.swift in Sources */,
				552E7E26276B69590067121C /* iTunesSearchUITests.swift in Sources */,
			);
			runOnlyForDeploymentPostprocessing = 0;
		};
/* End PBXSourcesBuildPhase section */

/* Begin PBXTargetDependency section */
		552E7E19276B69590067121C /* PBXTargetDependency */ = {
			isa = PBXTargetDependency;
			target = 552E7E00276B69540067121C /* iTunesSearch */;
			targetProxy = 552E7E18276B69590067121C /* PBXContainerItemProxy */;
		};
		552E7E23276B69590067121C /* PBXTargetDependency */ = {
			isa = PBXTargetDependency;
			target = 552E7E00276B69540067121C /* iTunesSearch */;
			targetProxy = 552E7E22276B69590067121C /* PBXContainerItemProxy */;
		};
/* End PBXTargetDependency section */

/* Begin PBXVariantGroup section */
		552E7E0A276B69540067121C /* Main.storyboard */ = {
			isa = PBXVariantGroup;
			children = (
				552E7E0B276B69540067121C /* Base */,
			);
			name = Main.storyboard;
			sourceTree = "<group>";
		};
		552E7E0F276B69580067121C /* LaunchScreen.storyboard */ = {
			isa = PBXVariantGroup;
			children = (
				552E7E10276B69580067121C /* Base */,
			);
			name = LaunchScreen.storyboard;
			sourceTree = "<group>";
		};
/* End PBXVariantGroup section */

/* Begin XCBuildConfiguration section */
		552E7E29276B69590067121C /* Debug */ = {
			isa = XCBuildConfiguration;
			buildSettings = {
				ALWAYS_SEARCH_USER_PATHS = NO;
				CLANG_ANALYZER_NONNULL = YES;
				CLANG_ANALYZER_NUMBER_OBJECT_CONVERSION = YES_AGGRESSIVE;
				CLANG_CXX_LANGUAGE_STANDARD = "gnu++17";
				CLANG_CXX_LIBRARY = "libc++";
				CLANG_ENABLE_MODULES = YES;
				CLANG_ENABLE_OBJC_ARC = YES;
				CLANG_ENABLE_OBJC_WEAK = YES;
				CLANG_WARN_BLOCK_CAPTURE_AUTORELEASING = YES;
				CLANG_WARN_BOOL_CONVERSION = YES;
				CLANG_WARN_COMMA = YES;
				CLANG_WARN_CONSTANT_CONVERSION = YES;
				CLANG_WARN_DEPRECATED_OBJC_IMPLEMENTATIONS = YES;
				CLANG_WARN_DIRECT_OBJC_ISA_USAGE = YES_ERROR;
				CLANG_WARN_DOCUMENTATION_COMMENTS = YES;
				CLANG_WARN_EMPTY_BODY = YES;
				CLANG_WARN_ENUM_CONVERSION = YES;
				CLANG_WARN_INFINITE_RECURSION = YES;
				CLANG_WARN_INT_CONVERSION = YES;
				CLANG_WARN_NON_LITERAL_NULL_CONVERSION = YES;
				CLANG_WARN_OBJC_IMPLICIT_RETAIN_SELF = YES;
				CLANG_WARN_OBJC_LITERAL_CONVERSION = YES;
				CLANG_WARN_OBJC_ROOT_CLASS = YES_ERROR;
				CLANG_WARN_QUOTED_INCLUDE_IN_FRAMEWORK_HEADER = YES;
				CLANG_WARN_RANGE_LOOP_ANALYSIS = YES;
				CLANG_WARN_STRICT_PROTOTYPES = YES;
				CLANG_WARN_SUSPICIOUS_MOVE = YES;
				CLANG_WARN_UNGUARDED_AVAILABILITY = YES_AGGRESSIVE;
				CLANG_WARN_UNREACHABLE_CODE = YES;
				CLANG_WARN__DUPLICATE_METHOD_MATCH = YES;
				COPY_PHASE_STRIP = NO;
				DEBUG_INFORMATION_FORMAT = dwarf;
				ENABLE_STRICT_OBJC_MSGSEND = YES;
				ENABLE_TESTABILITY = YES;
				GCC_C_LANGUAGE_STANDARD = gnu11;
				GCC_DYNAMIC_NO_PIC = NO;
				GCC_NO_COMMON_BLOCKS = YES;
				GCC_OPTIMIZATION_LEVEL = 0;
				GCC_PREPROCESSOR_DEFINITIONS = (
					"DEBUG=1",
					"$(inherited)",
				);
				GCC_WARN_64_TO_32_BIT_CONVERSION = YES;
				GCC_WARN_ABOUT_RETURN_TYPE = YES_ERROR;
				GCC_WARN_UNDECLARED_SELECTOR = YES;
				GCC_WARN_UNINITIALIZED_AUTOS = YES_AGGRESSIVE;
				GCC_WARN_UNUSED_FUNCTION = YES;
				GCC_WARN_UNUSED_VARIABLE = YES;
				IPHONEOS_DEPLOYMENT_TARGET = 15.0;
				MTL_ENABLE_DEBUG_INFO = INCLUDE_SOURCE;
				MTL_FAST_MATH = YES;
				ONLY_ACTIVE_ARCH = YES;
				SDKROOT = iphoneos;
				SWIFT_ACTIVE_COMPILATION_CONDITIONS = DEBUG;
				SWIFT_OPTIMIZATION_LEVEL = "-Onone";
			};
			name = Debug;
		};
		552E7E2A276B69590067121C /* Release */ = {
			isa = XCBuildConfiguration;
			buildSettings = {
				ALWAYS_SEARCH_USER_PATHS = NO;
				CLANG_ANALYZER_NONNULL = YES;
				CLANG_ANALYZER_NUMBER_OBJECT_CONVERSION = YES_AGGRESSIVE;
				CLANG_CXX_LANGUAGE_STANDARD = "gnu++17";
				CLANG_CXX_LIBRARY = "libc++";
				CLANG_ENABLE_MODULES = YES;
				CLANG_ENABLE_OBJC_ARC = YES;
				CLANG_ENABLE_OBJC_WEAK = YES;
				CLANG_WARN_BLOCK_CAPTURE_AUTORELEASING = YES;
				CLANG_WARN_BOOL_CONVERSION = YES;
				CLANG_WARN_COMMA = YES;
				CLANG_WARN_CONSTANT_CONVERSION = YES;
				CLANG_WARN_DEPRECATED_OBJC_IMPLEMENTATIONS = YES;
				CLANG_WARN_DIRECT_OBJC_ISA_USAGE = YES_ERROR;
				CLANG_WARN_DOCUMENTATION_COMMENTS = YES;
				CLANG_WARN_EMPTY_BODY = YES;
				CLANG_WARN_ENUM_CONVERSION = YES;
				CLANG_WARN_INFINITE_RECURSION = YES;
				CLANG_WARN_INT_CONVERSION = YES;
				CLANG_WARN_NON_LITERAL_NULL_CONVERSION = YES;
				CLANG_WARN_OBJC_IMPLICIT_RETAIN_SELF = YES;
				CLANG_WARN_OBJC_LITERAL_CONVERSION = YES;
				CLANG_WARN_OBJC_ROOT_CLASS = YES_ERROR;
				CLANG_WARN_QUOTED_INCLUDE_IN_FRAMEWORK_HEADER = YES;
				CLANG_WARN_RANGE_LOOP_ANALYSIS = YES;
				CLANG_WARN_STRICT_PROTOTYPES = YES;
				CLANG_WARN_SUSPICIOUS_MOVE = YES;
				CLANG_WARN_UNGUARDED_AVAILABILITY = YES_AGGRESSIVE;
				CLANG_WARN_UNREACHABLE_CODE = YES;
				CLANG_WARN__DUPLICATE_METHOD_MATCH = YES;
				COPY_PHASE_STRIP = NO;
				DEBUG_INFORMATION_FORMAT = "dwarf-with-dsym";
				ENABLE_NS_ASSERTIONS = NO;
				ENABLE_STRICT_OBJC_MSGSEND = YES;
				GCC_C_LANGUAGE_STANDARD = gnu11;
				GCC_NO_COMMON_BLOCKS = YES;
				GCC_WARN_64_TO_32_BIT_CONVERSION = YES;
				GCC_WARN_ABOUT_RETURN_TYPE = YES_ERROR;
				GCC_WARN_UNDECLARED_SELECTOR = YES;
				GCC_WARN_UNINITIALIZED_AUTOS = YES_AGGRESSIVE;
				GCC_WARN_UNUSED_FUNCTION = YES;
				GCC_WARN_UNUSED_VARIABLE = YES;
				IPHONEOS_DEPLOYMENT_TARGET = 15.0;
				MTL_ENABLE_DEBUG_INFO = NO;
				MTL_FAST_MATH = YES;
				SDKROOT = iphoneos;
				SWIFT_COMPILATION_MODE = wholemodule;
				SWIFT_OPTIMIZATION_LEVEL = "-O";
				VALIDATE_PRODUCT = YES;
			};
			name = Release;
		};
		552E7E2C276B69590067121C /* Debug */ = {
			isa = XCBuildConfiguration;
			buildSettings = {
				ASSETCATALOG_COMPILER_APPICON_NAME = AppIcon;
				ASSETCATALOG_COMPILER_GLOBAL_ACCENT_COLOR_NAME = AccentColor;
				CODE_SIGN_STYLE = Automatic;
				CURRENT_PROJECT_VERSION = 1;
				DEVELOPMENT_TEAM = R389KLFTTX;
				GENERATE_INFOPLIST_FILE = YES;
				INFOPLIST_FILE = iTunesSearch/Info.plist;
				INFOPLIST_KEY_UIApplicationSupportsIndirectInputEvents = YES;
				INFOPLIST_KEY_UILaunchStoryboardName = LaunchScreen;
				INFOPLIST_KEY_UIMainStoryboardFile = Main;
				INFOPLIST_KEY_UISupportedInterfaceOrientations_iPad = "UIInterfaceOrientationPortrait UIInterfaceOrientationPortraitUpsideDown UIInterfaceOrientationLandscapeLeft UIInterfaceOrientationLandscapeRight";
				INFOPLIST_KEY_UISupportedInterfaceOrientations_iPhone = "UIInterfaceOrientationPortrait UIInterfaceOrientationLandscapeLeft UIInterfaceOrientationLandscapeRight";
				LD_RUNPATH_SEARCH_PATHS = (
					"$(inherited)",
					"@executable_path/Frameworks",
				);
				MARKETING_VERSION = 1.0;
				PRODUCT_BUNDLE_IDENTIFIER = com.alper.iTunesSearch;
				PRODUCT_NAME = "$(TARGET_NAME)";
				SWIFT_EMIT_LOC_STRINGS = YES;
				SWIFT_VERSION = 5.0;
				TARGETED_DEVICE_FAMILY = "1,2";
			};
			name = Debug;
		};
		552E7E2D276B69590067121C /* Release */ = {
			isa = XCBuildConfiguration;
			buildSettings = {
				ASSETCATALOG_COMPILER_APPICON_NAME = AppIcon;
				ASSETCATALOG_COMPILER_GLOBAL_ACCENT_COLOR_NAME = AccentColor;
				CODE_SIGN_STYLE = Automatic;
				CURRENT_PROJECT_VERSION = 1;
				DEVELOPMENT_TEAM = R389KLFTTX;
				GENERATE_INFOPLIST_FILE = YES;
				INFOPLIST_FILE = iTunesSearch/Info.plist;
				INFOPLIST_KEY_UIApplicationSupportsIndirectInputEvents = YES;
				INFOPLIST_KEY_UILaunchStoryboardName = LaunchScreen;
				INFOPLIST_KEY_UIMainStoryboardFile = Main;
				INFOPLIST_KEY_UISupportedInterfaceOrientations_iPad = "UIInterfaceOrientationPortrait UIInterfaceOrientationPortraitUpsideDown UIInterfaceOrientationLandscapeLeft UIInterfaceOrientationLandscapeRight";
				INFOPLIST_KEY_UISupportedInterfaceOrientations_iPhone = "UIInterfaceOrientationPortrait UIInterfaceOrientationLandscapeLeft UIInterfaceOrientationLandscapeRight";
				LD_RUNPATH_SEARCH_PATHS = (
					"$(inherited)",
					"@executable_path/Frameworks",
				);
				MARKETING_VERSION = 1.0;
				PRODUCT_BUNDLE_IDENTIFIER = com.alper.iTunesSearch;
				PRODUCT_NAME = "$(TARGET_NAME)";
				SWIFT_EMIT_LOC_STRINGS = YES;
				SWIFT_VERSION = 5.0;
				TARGETED_DEVICE_FAMILY = "1,2";
			};
			name = Release;
		};
		552E7E2F276B69590067121C /* Debug */ = {
			isa = XCBuildConfiguration;
			buildSettings = {
				ALWAYS_EMBED_SWIFT_STANDARD_LIBRARIES = YES;
				BUNDLE_LOADER = "$(TEST_HOST)";
				CODE_SIGN_STYLE = Automatic;
				CURRENT_PROJECT_VERSION = 1;
				DEVELOPMENT_TEAM = R389KLFTTX;
				GENERATE_INFOPLIST_FILE = YES;
				IPHONEOS_DEPLOYMENT_TARGET = 15.0;
				LD_RUNPATH_SEARCH_PATHS = (
					"$(inherited)",
					"@executable_path/Frameworks",
					"@loader_path/Frameworks",
				);
				MARKETING_VERSION = 1.0;
				PRODUCT_BUNDLE_IDENTIFIER = com.alper.iTunesSearchTests;
				PRODUCT_NAME = "$(TARGET_NAME)";
				SWIFT_EMIT_LOC_STRINGS = NO;
				SWIFT_VERSION = 5.0;
				TARGETED_DEVICE_FAMILY = "1,2";
				TEST_HOST = "$(BUILT_PRODUCTS_DIR)/iTunesSearch.app/iTunesSearch";
			};
			name = Debug;
		};
		552E7E30276B69590067121C /* Release */ = {
			isa = XCBuildConfiguration;
			buildSettings = {
				ALWAYS_EMBED_SWIFT_STANDARD_LIBRARIES = YES;
				BUNDLE_LOADER = "$(TEST_HOST)";
				CODE_SIGN_STYLE = Automatic;
				CURRENT_PROJECT_VERSION = 1;
				DEVELOPMENT_TEAM = R389KLFTTX;
				GENERATE_INFOPLIST_FILE = YES;
				IPHONEOS_DEPLOYMENT_TARGET = 15.0;
				LD_RUNPATH_SEARCH_PATHS = (
					"$(inherited)",
					"@executable_path/Frameworks",
					"@loader_path/Frameworks",
				);
				MARKETING_VERSION = 1.0;
				PRODUCT_BUNDLE_IDENTIFIER = com.alper.iTunesSearchTests;
				PRODUCT_NAME = "$(TARGET_NAME)";
				SWIFT_EMIT_LOC_STRINGS = NO;
				SWIFT_VERSION = 5.0;
				TARGETED_DEVICE_FAMILY = "1,2";
				TEST_HOST = "$(BUILT_PRODUCTS_DIR)/iTunesSearch.app/iTunesSearch";
			};
			name = Release;
		};
		552E7E32276B69590067121C /* Debug */ = {
			isa = XCBuildConfiguration;
			buildSettings = {
				ALWAYS_EMBED_SWIFT_STANDARD_LIBRARIES = YES;
				CODE_SIGN_STYLE = Automatic;
				CURRENT_PROJECT_VERSION = 1;
				DEVELOPMENT_TEAM = R389KLFTTX;
				GENERATE_INFOPLIST_FILE = YES;
				LD_RUNPATH_SEARCH_PATHS = (
					"$(inherited)",
					"@executable_path/Frameworks",
					"@loader_path/Frameworks",
				);
				MARKETING_VERSION = 1.0;
				PRODUCT_BUNDLE_IDENTIFIER = com.alper.iTunesSearchUITests;
				PRODUCT_NAME = "$(TARGET_NAME)";
				SWIFT_EMIT_LOC_STRINGS = NO;
				SWIFT_VERSION = 5.0;
				TARGETED_DEVICE_FAMILY = "1,2";
				TEST_TARGET_NAME = iTunesSearch;
			};
			name = Debug;
		};
		552E7E33276B69590067121C /* Release */ = {
			isa = XCBuildConfiguration;
			buildSettings = {
				ALWAYS_EMBED_SWIFT_STANDARD_LIBRARIES = YES;
				CODE_SIGN_STYLE = Automatic;
				CURRENT_PROJECT_VERSION = 1;
				DEVELOPMENT_TEAM = R389KLFTTX;
				GENERATE_INFOPLIST_FILE = YES;
				LD_RUNPATH_SEARCH_PATHS = (
					"$(inherited)",
					"@executable_path/Frameworks",
					"@loader_path/Frameworks",
				);
				MARKETING_VERSION = 1.0;
				PRODUCT_BUNDLE_IDENTIFIER = com.alper.iTunesSearchUITests;
				PRODUCT_NAME = "$(TARGET_NAME)";
				SWIFT_EMIT_LOC_STRINGS = NO;
				SWIFT_VERSION = 5.0;
				TARGETED_DEVICE_FAMILY = "1,2";
				TEST_TARGET_NAME = iTunesSearch;
			};
			name = Release;
		};
/* End XCBuildConfiguration section */

/* Begin XCConfigurationList section */
		552E7DFC276B69540067121C /* Build configuration list for PBXProject "iTunesSearch" */ = {
			isa = XCConfigurationList;
			buildConfigurations = (
				552E7E29276B69590067121C /* Debug */,
				552E7E2A276B69590067121C /* Release */,
			);
			defaultConfigurationIsVisible = 0;
			defaultConfigurationName = Release;
		};
		552E7E2B276B69590067121C /* Build configuration list for PBXNativeTarget "iTunesSearch" */ = {
			isa = XCConfigurationList;
			buildConfigurations = (
				552E7E2C276B69590067121C /* Debug */,
				552E7E2D276B69590067121C /* Release */,
			);
			defaultConfigurationIsVisible = 0;
			defaultConfigurationName = Release;
		};
		552E7E2E276B69590067121C /* Build configuration list for PBXNativeTarget "iTunesSearchTests" */ = {
			isa = XCConfigurationList;
			buildConfigurations = (
				552E7E2F276B69590067121C /* Debug */,
				552E7E30276B69590067121C /* Release */,
			);
			defaultConfigurationIsVisible = 0;
			defaultConfigurationName = Release;
		};
		552E7E31276B69590067121C /* Build configuration list for PBXNativeTarget "iTunesSearchUITests" */ = {
			isa = XCConfigurationList;
			buildConfigurations = (
				552E7E32276B69590067121C /* Debug */,
				552E7E33276B69590067121C /* Release */,
			);
			defaultConfigurationIsVisible = 0;
			defaultConfigurationName = Release;
		};
/* End XCConfigurationList section */
	};
	rootObject = 552E7DF9276B69540067121C /* Project object */;
}
